
Microsoft Visual Studio Solution File, Format Version 12.00
# Visual Studio Version 17
VisualStudioVersion = 17.6.33829.357
MinimumVisualStudioVersion = 10.0.40219.1
Project("{8BC9CEB8-8B4A-11D0-8D11-00A0C91BC942}") = "Clock-Display-Updated", "Clock-Display-Updated\Clock-Display-Updated.vcxproj", "{F362621E-72E2-44E4-A56F-826C92260CE7}"
EndProject
Global
	GlobalSection(SolutionConfigurationPlatforms) = preSolution
		Debug|x64 = Debug|x64
		Debug|x86 = Debug|x86
		Release|x64 = Release|x64
		Release|x86 = Release|x86
	EndGlobalSection
	GlobalSection(ProjectConfigurationPlatforms) = postSolution
		{F362621E-72E2-44E4-A56F-826C92260CE7}.Debug|x64.ActiveCfg = Debug|x64
		{F362621E-72E2-44E4-A56F-826C92260CE7}.Debug|x64.Build.0 = Debug|x64
		{F362621E-72E2-44E4-A56F-826C92260CE7}.Debug|x86.ActiveCfg = Debug|Win32
		{F362621E-72E2-44E4-A56F-826C92260CE7}.Debug|x86.Build.0 = Debug|Win32
		{F362621E-72E2-44E4-A56F-826C92260CE7}.Release|x64.ActiveCfg = Release|x64
		{F362621E-72E2-44E4-A56F-826C92260CE7}.Release|x64.Build.0 = Release|x64
		{F362621E-72E2-44E4-A56F-826C92260CE7}.Release|x86.ActiveCfg = Release|Win32
		{F362621E-72E2-44E4-A56F-826C92260CE7}.Release|x86.Build.0 = Release|Win32
	EndGlobalSection
	GlobalSection(SolutionProperties) = preSolution
		HideSolutionNode = FALSE
	EndGlobalSection
	GlobalSection(ExtensibilityGlobals) = postSolution
		SolutionGuid = {89293854-AC40-45E6-AC0A-B97A1DF1F813}
	EndGlobalSection
EndGlobal
